
Microsoft Visual Studio Solution File, Format Version 12.00
# Visual Studio Version 17
VisualStudioVersion = 17.9.34607.119
MinimumVisualStudioVersion = 10.0.40219.1
Project("{FAE04EC0-301F-11D3-BF4B-00C04F79EFBC}") = "Tables", "Tables\Tables.csproj", "{CE26D2C2-9FFC-4A4C-AD9D-88297AEA5B2D}"
EndProject
Global
	GlobalSection(SolutionConfigurationPlatforms) = preSolution
		Debug|Any CPU = Debug|Any CPU
		Release|Any CPU = Release|Any CPU
	EndGlobalSection
	GlobalSection(ProjectConfigurationPlatforms) = postSolution
		{CE26D2C2-9FFC-4A4C-AD9D-88297AEA5B2D}.Debug|Any CPU.ActiveCfg = Debug|Any CPU
		{CE26D2C2-9FFC-4A4C-AD9D-88297AEA5B2D}.Debug|Any CPU.Build.0 = Debug|Any CPU
		{CE26D2C2-9FFC-4A4C-AD9D-88297AEA5B2D}.Release|Any CPU.ActiveCfg = Release|Any CPU
		{CE26D2C2-9FFC-4A4C-AD9D-88297AEA5B2D}.Release|Any CPU.Build.0 = Release|Any CPU
	EndGlobalSection
	GlobalSection(SolutionProperties) = preSolution
		HideSolutionNode = FALSE
	EndGlobalSection
	GlobalSection(ExtensibilityGlobals) = postSolution
		SolutionGuid = {7D75B45E-25D0-463B-82CF-BCE4CA7B6544}
	EndGlobalSection
EndGlobal
